<?xml version="1.0" encoding="utf-8"?>
<Project ToolsVersion="4.0" xmlns="http://schemas.microsoft.com/developer/msbuild/2003">
  <ItemGroup>
    <Filter Include="Header Files">
      <UniqueIdentifier>{44bbdab2-3aad-485a-9c10-3ad06321bb61}</UniqueIdentifier>
    </Filter>
    <Filter Include="Inline Files">
      <UniqueIdentifier>{136c7e9a-4110-40cd-bfee-7f731b9e732c}</UniqueIdentifier>
    </Filter>
    <Filter Include="Source Files">
      <UniqueIdentifier>{71f56a43-fb1a-44d2-886b-4da225e3f441}</UniqueIdentifier>
    </Filter>
    <Filter Include="Script Files">
      <UniqueIdentifier>{27b17bc9-e3dc-44f5-ae8c-c7b21774e99a}</UniqueIdentifier>
    </Filter>
  </ItemGroup>
  <ItemGroup>
    <ClInclude Include="include\ui\hud.hpp">
      <Filter>Header Files</Filter>
    </ClInclude>
    <ClInclude Include="include\ui\ui.hpp">
      <Filter>Header Files</Filter>
    </ClInclude>
    <ClInclude Include="include\ui\hud.ipp">
      <Filter>Inline Files</Filter>
    </ClInclude>
  </ItemGroup>
  <ItemGroup>
    <ClCompile Include="src\ui\hud.cpp">
      <Filter>Source Files</Filter>
    </ClCompile>
  </ItemGroup>
  <ItemGroup>
    <None Include="scripts\ui\hud.gdns">
      <Filter>Script Files</Filter>
    </None>
  </ItemGroup>
</Project>